
Microsoft Visual Studio Solution File, Format Version 12.00
# Visual Studio 14
VisualStudioVersion = 14.0.25420.1
MinimumVisualStudioVersion = 10.0.40219.1
Project("{FAE04EC0-301F-11D3-BF4B-00C04F79EFBC}") = "MemoEngine", "..\MemoEngine\MemoEngine.csproj", "{F262D6F1-1285-4E29-85A3-E62D29268375}"
EndProject
Project("{00D1A9C2-B5F0-4AF3-8072-F6C62B433612}") = "MemoEngine.Database", "..\MemoEngine.Database\MemoEngine.Database.sqlproj", "{63A31145-D601-4022-BEFA-75E30D327033}"
EndProject
Project("{FAE04EC0-301F-11D3-BF4B-00C04F79EFBC}") = "MemoEngine.Models", "..\MemoEngine.Models\MemoEngine.Models.csproj", "{05DC4FD2-6FD8-4CD7-82DC-52A8EE3EA55D}"
EndProject
Project("{FAE04EC0-301F-11D3-BF4B-00C04F79EFBC}") = "Dul", "..\Dul\Dul.csproj", "{B7C60054-E11D-4AE5-B2C1-BFD3B33A0183}"
EndProject
Global
	GlobalSection(SolutionConfigurationPlatforms) = preSolution
		Debug|Any CPU = Debug|Any CPU
		Release|Any CPU = Release|Any CPU
	EndGlobalSection
	GlobalSection(ProjectConfigurationPlatforms) = postSolution
		{F262D6F1-1285-4E29-85A3-E62D29268375}.Debug|Any CPU.ActiveCfg = Debug|Any CPU
		{F262D6F1-1285-4E29-85A3-E62D29268375}.Debug|Any CPU.Build.0 = Debug|Any CPU
		{F262D6F1-1285-4E29-85A3-E62D29268375}.Release|Any CPU.ActiveCfg = Release|Any CPU
		{F262D6F1-1285-4E29-85A3-E62D29268375}.Release|Any CPU.Build.0 = Release|Any CPU
		{63A31145-D601-4022-BEFA-75E30D327033}.Debug|Any CPU.ActiveCfg = Debug|Any CPU
		{63A31145-D601-4022-BEFA-75E30D327033}.Debug|Any CPU.Build.0 = Debug|Any CPU
		{63A31145-D601-4022-BEFA-75E30D327033}.Debug|Any CPU.Deploy.0 = Debug|Any CPU
		{63A31145-D601-4022-BEFA-75E30D327033}.Release|Any CPU.ActiveCfg = Release|Any CPU
		{63A31145-D601-4022-BEFA-75E30D327033}.Release|Any CPU.Build.0 = Release|Any CPU
		{63A31145-D601-4022-BEFA-75E30D327033}.Release|Any CPU.Deploy.0 = Release|Any CPU
		{05DC4FD2-6FD8-4CD7-82DC-52A8EE3EA55D}.Debug|Any CPU.ActiveCfg = Debug|Any CPU
		{05DC4FD2-6FD8-4CD7-82DC-52A8EE3EA55D}.Debug|Any CPU.Build.0 = Debug|Any CPU
		{05DC4FD2-6FD8-4CD7-82DC-52A8EE3EA55D}.Release|Any CPU.ActiveCfg = Release|Any CPU
		{05DC4FD2-6FD8-4CD7-82DC-52A8EE3EA55D}.Release|Any CPU.Build.0 = Release|Any CPU
		{B7C60054-E11D-4AE5-B2C1-BFD3B33A0183}.Debug|Any CPU.ActiveCfg = Debug|Any CPU
		{B7C60054-E11D-4AE5-B2C1-BFD3B33A0183}.Debug|Any CPU.Build.0 = Debug|Any CPU
		{B7C60054-E11D-4AE5-B2C1-BFD3B33A0183}.Release|Any CPU.ActiveCfg = Release|Any CPU
		{B7C60054-E11D-4AE5-B2C1-BFD3B33A0183}.Release|Any CPU.Build.0 = Release|Any CPU
	EndGlobalSection
	GlobalSection(SolutionProperties) = preSolution
		HideSolutionNode = FALSE
	EndGlobalSection
EndGlobal
