
Microsoft Visual Studio Solution File, Format Version 12.00
# Visual Studio 14
VisualStudioVersion = 14.0.25420.1
MinimumVisualStudioVersion = 10.0.40219.1
Project("{FAE04EC0-301F-11D3-BF4B-00C04F79EFBC}") = "TermManager", "TermManager\TermManager.csproj", "{38A7E1A5-913D-4A72-9152-9D4485C341D7}"
EndProject
Project("{00D1A9C2-B5F0-4AF3-8072-F6C62B433612}") = "TermManager.Database", "TermManager.Database\TermManager.Database.sqlproj", "{E6039E23-9BD2-4E9B-A104-B6BAE0304F94}"
EndProject
Global
	GlobalSection(SolutionConfigurationPlatforms) = preSolution
		Debug|Any CPU = Debug|Any CPU
		Release|Any CPU = Release|Any CPU
	EndGlobalSection
	GlobalSection(ProjectConfigurationPlatforms) = postSolution
		{38A7E1A5-913D-4A72-9152-9D4485C341D7}.Debug|Any CPU.ActiveCfg = Debug|Any CPU
		{38A7E1A5-913D-4A72-9152-9D4485C341D7}.Debug|Any CPU.Build.0 = Debug|Any CPU
		{38A7E1A5-913D-4A72-9152-9D4485C341D7}.Release|Any CPU.ActiveCfg = Release|Any CPU
		{38A7E1A5-913D-4A72-9152-9D4485C341D7}.Release|Any CPU.Build.0 = Release|Any CPU
		{E6039E23-9BD2-4E9B-A104-B6BAE0304F94}.Debug|Any CPU.ActiveCfg = Debug|Any CPU
		{E6039E23-9BD2-4E9B-A104-B6BAE0304F94}.Debug|Any CPU.Build.0 = Debug|Any CPU
		{E6039E23-9BD2-4E9B-A104-B6BAE0304F94}.Debug|Any CPU.Deploy.0 = Debug|Any CPU
		{E6039E23-9BD2-4E9B-A104-B6BAE0304F94}.Release|Any CPU.ActiveCfg = Release|Any CPU
		{E6039E23-9BD2-4E9B-A104-B6BAE0304F94}.Release|Any CPU.Build.0 = Release|Any CPU
		{E6039E23-9BD2-4E9B-A104-B6BAE0304F94}.Release|Any CPU.Deploy.0 = Release|Any CPU
	EndGlobalSection
	GlobalSection(SolutionProperties) = preSolution
		HideSolutionNode = FALSE
	EndGlobalSection
EndGlobal
