
Microsoft Visual Studio Solution File, Format Version 12.00
# Visual Studio 15
VisualStudioVersion = 15.0.27703.2035
MinimumVisualStudioVersion = 10.0.40219.1
Project("{FAE04EC0-301F-11D3-BF4B-00C04F79EFBC}") = "MemberManagement", "MemberManagement\MemberManagement.csproj", "{3983DEE3-56BD-4318-8B80-35F655DEABFD}"
EndProject
Global
	GlobalSection(SolutionConfigurationPlatforms) = preSolution
		Debug|Any CPU = Debug|Any CPU
		Release|Any CPU = Release|Any CPU
	EndGlobalSection
	GlobalSection(ProjectConfigurationPlatforms) = postSolution
		{3983DEE3-56BD-4318-8B80-35F655DEABFD}.Debug|Any CPU.ActiveCfg = Debug|Any CPU
		{3983DEE3-56BD-4318-8B80-35F655DEABFD}.Debug|Any CPU.Build.0 = Debug|Any CPU
		{3983DEE3-56BD-4318-8B80-35F655DEABFD}.Release|Any CPU.ActiveCfg = Release|Any CPU
		{3983DEE3-56BD-4318-8B80-35F655DEABFD}.Release|Any CPU.Build.0 = Release|Any CPU
	EndGlobalSection
	GlobalSection(SolutionProperties) = preSolution
		HideSolutionNode = FALSE
	EndGlobalSection
	GlobalSection(ExtensibilityGlobals) = postSolution
		SolutionGuid = {0A314991-07BC-4439-BA1A-64F865FCF2CD}
	EndGlobalSection
EndGlobal
