
Microsoft Visual Studio Solution File, Format Version 12.00
# Visual Studio 15
VisualStudioVersion = 15.0.28307.106
MinimumVisualStudioVersion = 10.0.40219.1
Project("{FAE04EC0-301F-11D3-BF4B-00C04F79EFBC}") = "Dashboard", "Dashboard\Dashboard.csproj", "{DC69FDA4-9053-4EF7-B256-804C138EDFD8}"
EndProject
Project("{00D1A9C2-B5F0-4AF3-8072-F6C62B433612}") = "Dashboard.Database", "Dashboard.Database\Dashboard.Database.sqlproj", "{AF604609-2051-4A3E-B9B3-C03777286FBC}"
EndProject
Global
	GlobalSection(SolutionConfigurationPlatforms) = preSolution
		Debug|Any CPU = Debug|Any CPU
		Release|Any CPU = Release|Any CPU
	EndGlobalSection
	GlobalSection(ProjectConfigurationPlatforms) = postSolution
		{DC69FDA4-9053-4EF7-B256-804C138EDFD8}.Debug|Any CPU.ActiveCfg = Debug|Any CPU
		{DC69FDA4-9053-4EF7-B256-804C138EDFD8}.Debug|Any CPU.Build.0 = Debug|Any CPU
		{DC69FDA4-9053-4EF7-B256-804C138EDFD8}.Release|Any CPU.ActiveCfg = Release|Any CPU
		{DC69FDA4-9053-4EF7-B256-804C138EDFD8}.Release|Any CPU.Build.0 = Release|Any CPU
		{AF604609-2051-4A3E-B9B3-C03777286FBC}.Debug|Any CPU.ActiveCfg = Debug|Any CPU
		{AF604609-2051-4A3E-B9B3-C03777286FBC}.Debug|Any CPU.Build.0 = Debug|Any CPU
		{AF604609-2051-4A3E-B9B3-C03777286FBC}.Debug|Any CPU.Deploy.0 = Debug|Any CPU
		{AF604609-2051-4A3E-B9B3-C03777286FBC}.Release|Any CPU.ActiveCfg = Release|Any CPU
		{AF604609-2051-4A3E-B9B3-C03777286FBC}.Release|Any CPU.Build.0 = Release|Any CPU
		{AF604609-2051-4A3E-B9B3-C03777286FBC}.Release|Any CPU.Deploy.0 = Release|Any CPU
	EndGlobalSection
	GlobalSection(SolutionProperties) = preSolution
		HideSolutionNode = FALSE
	EndGlobalSection
	GlobalSection(ExtensibilityGlobals) = postSolution
		SolutionGuid = {5DFC3F6D-BE10-4B63-9E02-002AC94D3114}
	EndGlobalSection
EndGlobal
