
Microsoft Visual Studio Solution File, Format Version 12.00
# Visual Studio 14
VisualStudioVersion = 14.0.25420.1
MinimumVisualStudioVersion = 10.0.40219.1
Project("{2150E333-8FDC-42A3-9474-1A3956D46DE8}") = "src", "src", "{9CECFF91-DED2-4563-955E-399B0AB41F04}"
EndProject
Project("{2150E333-8FDC-42A3-9474-1A3956D46DE8}") = "Solution Items", "Solution Items", "{5387882E-1F12-46B8-BA2B-660DB0512BE6}"
	ProjectSection(SolutionItems) = preProject
		global.json = global.json
	EndProjectSection
EndProject
Project("{8BB2217D-0F2D-49D1-97BC-3654ED321F3B}") = "CkEditorDemo", "src\CkEditorDemo\CkEditorDemo.xproj", "{D000D191-B55D-4F99-B1A7-84DB669D6043}"
EndProject
Global
	GlobalSection(SolutionConfigurationPlatforms) = preSolution
		Debug|Any CPU = Debug|Any CPU
		Release|Any CPU = Release|Any CPU
	EndGlobalSection
	GlobalSection(ProjectConfigurationPlatforms) = postSolution
		{D000D191-B55D-4F99-B1A7-84DB669D6043}.Debug|Any CPU.ActiveCfg = Debug|Any CPU
		{D000D191-B55D-4F99-B1A7-84DB669D6043}.Debug|Any CPU.Build.0 = Debug|Any CPU
		{D000D191-B55D-4F99-B1A7-84DB669D6043}.Release|Any CPU.ActiveCfg = Release|Any CPU
		{D000D191-B55D-4F99-B1A7-84DB669D6043}.Release|Any CPU.Build.0 = Release|Any CPU
	EndGlobalSection
	GlobalSection(SolutionProperties) = preSolution
		HideSolutionNode = FALSE
	EndGlobalSection
	GlobalSection(NestedProjects) = preSolution
		{D000D191-B55D-4F99-B1A7-84DB669D6043} = {9CECFF91-DED2-4563-955E-399B0AB41F04}
	EndGlobalSection
EndGlobal
